
Microsoft Visual Studio Solution File, Format Version 12.00
# Visual Studio Version 16
VisualStudioVersion = 16.0.30907.101
MinimumVisualStudioVersion = 10.0.40219.1
Project("{FAE04EC0-301F-11D3-BF4B-00C04F79EFBC}") = "Алгоритими даних_2", "Алгоритими даних_2\Алгоритими даних_2.csproj", "{9DBB9FE5-5E25-45FA-B1A8-675F89A3C3F6}"
EndProject
Project("{FAE04EC0-301F-11D3-BF4B-00C04F79EFBC}") = "алгоритми2", "алгоритми2\алгоритми2.csproj", "{4D67EE46-9E16-46B8-9477-3EB5C68BF02C}"
EndProject
Project("{FAE04EC0-301F-11D3-BF4B-00C04F79EFBC}") = "Піраміда", "Піраміда\Піраміда.csproj", "{14AD2B03-81F4-4E64-BA45-1DE571801DE0}"
EndProject
Global
	GlobalSection(SolutionConfigurationPlatforms) = preSolution
		Debug|Any CPU = Debug|Any CPU
		Release|Any CPU = Release|Any CPU
	EndGlobalSection
	GlobalSection(ProjectConfigurationPlatforms) = postSolution
		{9DBB9FE5-5E25-45FA-B1A8-675F89A3C3F6}.Debug|Any CPU.ActiveCfg = Debug|Any CPU
		{9DBB9FE5-5E25-45FA-B1A8-675F89A3C3F6}.Debug|Any CPU.Build.0 = Debug|Any CPU
		{9DBB9FE5-5E25-45FA-B1A8-675F89A3C3F6}.Release|Any CPU.ActiveCfg = Release|Any CPU
		{9DBB9FE5-5E25-45FA-B1A8-675F89A3C3F6}.Release|Any CPU.Build.0 = Release|Any CPU
		{4D67EE46-9E16-46B8-9477-3EB5C68BF02C}.Debug|Any CPU.ActiveCfg = Debug|Any CPU
		{4D67EE46-9E16-46B8-9477-3EB5C68BF02C}.Debug|Any CPU.Build.0 = Debug|Any CPU
		{4D67EE46-9E16-46B8-9477-3EB5C68BF02C}.Release|Any CPU.ActiveCfg = Release|Any CPU
		{4D67EE46-9E16-46B8-9477-3EB5C68BF02C}.Release|Any CPU.Build.0 = Release|Any CPU
		{14AD2B03-81F4-4E64-BA45-1DE571801DE0}.Debug|Any CPU.ActiveCfg = Debug|Any CPU
		{14AD2B03-81F4-4E64-BA45-1DE571801DE0}.Debug|Any CPU.Build.0 = Debug|Any CPU
		{14AD2B03-81F4-4E64-BA45-1DE571801DE0}.Release|Any CPU.ActiveCfg = Release|Any CPU
		{14AD2B03-81F4-4E64-BA45-1DE571801DE0}.Release|Any CPU.Build.0 = Release|Any CPU
	EndGlobalSection
	GlobalSection(SolutionProperties) = preSolution
		HideSolutionNode = FALSE
	EndGlobalSection
	GlobalSection(ExtensibilityGlobals) = postSolution
		SolutionGuid = {DA3327E3-E066-4BBB-807E-3DC621029B1E}
	EndGlobalSection
EndGlobal
